
Microsoft Visual Studio Solution File, Format Version 12.00
# Visual Studio Version 17
VisualStudioVersion = 17.14.36414.22 d17.14
MinimumVisualStudioVersion = 10.0.40219.1
Project("{FAE04EC0-301F-11D3-BF4B-00C04F79EFBC}") = "TeamWork", "TeamWork\TeamWork.csproj", "{487F5ACA-EBFF-4FA1-B968-13B0F45BE075}"
EndProject
Global
	GlobalSection(SolutionConfigurationPlatforms) = preSolution
		Debug|Any CPU = Debug|Any CPU
		Release|Any CPU = Release|Any CPU
	EndGlobalSection
	GlobalSection(ProjectConfigurationPlatforms) = postSolution
		{487F5ACA-EBFF-4FA1-B968-13B0F45BE075}.Debug|Any CPU.ActiveCfg = Debug|Any CPU
		{487F5ACA-EBFF-4FA1-B968-13B0F45BE075}.Debug|Any CPU.Build.0 = Debug|Any CPU
		{487F5ACA-EBFF-4FA1-B968-13B0F45BE075}.Release|Any CPU.ActiveCfg = Release|Any CPU
		{487F5ACA-EBFF-4FA1-B968-13B0F45BE075}.Release|Any CPU.Build.0 = Release|Any CPU
	EndGlobalSection
	GlobalSection(SolutionProperties) = preSolution
		HideSolutionNode = FALSE
	EndGlobalSection
	GlobalSection(ExtensibilityGlobals) = postSolution
		SolutionGuid = {1D697248-07C4-4108-899F-1026CA26E770}
	EndGlobalSection
EndGlobal
